{
    "requires": true,
    "lockfileVersion": 1,
    "dependencies": {
        "nouislider": {
            "version": "14.6.4",
            "resolved": "https://registry.npmjs.org/nouislider/-/nouislider-14.6.4.tgz",
            "integrity": "sha512-PVCGYl+aC7/nVEbW61ypJWfuW3UCpvctz/luxpt4byxxli1FFyjBX9NIiy4Yak9AaO6a5BkPGfFYMCW4eg3eeQ=="
        }
    }
}
